// !$*UTF8*$!
{
	archiveVersion = 1;
	classes = {
	};
	objectVersion = 46;
	objects = {

/* Begin PBXBuildFile section */
		2661B37F7A7EB956ED18F63A /* Pods_Brush.framework in Frameworks */ = {isa = PBXBuildFile; fileRef = 06599DD506D923AE205429D8 /* Pods_Brush.framework */; };
		901829111E4A326B00FDC42B /* AppDelegate.swift in Sources */ = {isa = PBXBuildFile; fileRef = 901829101E4A326B00FDC42B /* AppDelegate.swift */; };
		901829131E4A326B00FDC42B /* DrawingVC.swift in Sources */ = {isa = PBXBuildFile; fileRef = 901829121E4A326B00FDC42B /* DrawingVC.swift */; };
		901829161E4A326C00FDC42B /* Main.storyboard in Resources */ = {isa = PBXBuildFile; fileRef = 901829141E4A326C00FDC42B /* Main.storyboard */; };
		901829181E4A326C00FDC42B /* Assets.xcassets in Resources */ = {isa = PBXBuildFile; fileRef = 901829171E4A326C00FDC42B /* Assets.xcassets */; };
		9018291B1E4A326C00FDC42B /* LaunchScreen.storyboard in Resources */ = {isa = PBXBuildFile; fileRef = 901829191E4A326C00FDC42B /* LaunchScreen.storyboard */; };
		901829231E4A40FB00FDC42B /* UIViewExtension.swift in Sources */ = {isa = PBXBuildFile; fileRef = 901829221E4A40FB00FDC42B /* UIViewExtension.swift */; };
		901829251E4A424600FDC42B /* RoundedButton.swift in Sources */ = {isa = PBXBuildFile; fileRef = 901829241E4A424600FDC42B /* RoundedButton.swift */; };
		901829271E4A448900FDC42B /* SettingsVC.swift in Sources */ = {isa = PBXBuildFile; fileRef = 901829261E4A448900FDC42B /* SettingsVC.swift */; };
		906A37AF1E60B7F400FA0AB4 /* CustomButton.swift in Sources */ = {isa = PBXBuildFile; fileRef = 906A37AE1E60B7F400FA0AB4 /* CustomButton.swift */; };
/* End PBXBuildFile section */

/* Begin PBXFileReference section */
		06599DD506D923AE205429D8 /* Pods_Brush.framework */ = {isa = PBXFileReference; explicitFileType = wrapper.framework; includeInIndex = 0; path = Pods_Brush.framework; sourceTree = BUILT_PRODUCTS_DIR; };
		89927C9D7B718EC4E1376606 /* Pods-Brush.debug.xcconfig */ = {isa = PBXFileReference; includeInIndex = 1; lastKnownFileType = text.xcconfig; name = "Pods-Brush.debug.xcconfig"; path = "Pods/Target Support Files/Pods-Brush/Pods-Brush.debug.xcconfig"; sourceTree = "<group>"; };
		9018290D1E4A326B00FDC42B /* Brush.app */ = {isa = PBXFileReference; explicitFileType = wrapper.application; includeInIndex = 0; path = Brush.app; sourceTree = BUILT_PRODUCTS_DIR; };
		901829101E4A326B00FDC42B /* AppDelegate.swift */ = {isa = PBXFileReference; lastKnownFileType = sourcecode.swift; path = AppDelegate.swift; sourceTree = "<group>"; };
		901829121E4A326B00FDC42B /* DrawingVC.swift */ = {isa = PBXFileReference; lastKnownFileType = sourcecode.swift; path = DrawingVC.swift; sourceTree = "<group>"; };
		901829151E4A326C00FDC42B /* Base */ = {isa = PBXFileReference; lastKnownFileType = file.storyboard; name = Base; path = Base.lproj/Main.storyboard; sourceTree = "<group>"; };
		901829171E4A326C00FDC42B /* Assets.xcassets */ = {isa = PBXFileReference; lastKnownFileType = folder.assetcatalog; path = Assets.xcassets; sourceTree = "<group>"; };
		9018291A1E4A326C00FDC42B /* Base */ = {isa = PBXFileReference; lastKnownFileType = file.storyboard; name = Base; path = Base.lproj/LaunchScreen.storyboard; sourceTree = "<group>"; };
		9018291C1E4A326C00FDC42B /* Info.plist */ = {isa = PBXFileReference; lastKnownFileType = text.plist.xml; path = Info.plist; sourceTree = "<group>"; };
		901829221E4A40FB00FDC42B /* UIViewExtension.swift */ = {isa = PBXFileReference; fileEncoding = 4; lastKnownFileType = sourcecode.swift; path = UIViewExtension.swift; sourceTree = "<group>"; };
		901829241E4A424600FDC42B /* RoundedButton.swift */ = {isa = PBXFileReference; fileEncoding = 4; lastKnownFileType = sourcecode.swift; path = RoundedButton.swift; sourceTree = "<group>"; };
		901829261E4A448900FDC42B /* SettingsVC.swift */ = {isa = PBXFileReference; fileEncoding = 4; lastKnownFileType = sourcecode.swift; path = SettingsVC.swift; sourceTree = "<group>"; };
		906A37AE1E60B7F400FA0AB4 /* CustomButton.swift */ = {isa = PBXFileReference; fileEncoding = 4; lastKnownFileType = sourcecode.swift; path = CustomButton.swift; sourceTree = "<group>"; };
		906A37B51E60B8F700FA0AB4 /* Brush-Bridging-Header.h */ = {isa = PBXFileReference; lastKnownFileType = sourcecode.c.h; path = "Brush-Bridging-Header.h"; sourceTree = "<group>"; };
		BAC95C19B6BC0844234AC671 /* Pods-Brush.release.xcconfig */ = {isa = PBXFileReference; includeInIndex = 1; lastKnownFileType = text.xcconfig; name = "Pods-Brush.release.xcconfig"; path = "Pods/Target Support Files/Pods-Brush/Pods-Brush.release.xcconfig"; sourceTree = "<group>"; };
/* End PBXFileReference section */

/* Begin PBXFrameworksBuildPhase section */
		9018290A1E4A326B00FDC42B /* Frameworks */ = {
			isa = PBXFrameworksBuildPhase;
			buildActionMask = 2147483647;
			files = (
				2661B37F7A7EB956ED18F63A /* Pods_Brush.framework in Frameworks */,
			);
			runOnlyForDeploymentPostprocessing = 0;
		};
/* End PBXFrameworksBuildPhase section */

/* Begin PBXGroup section */
		449997A08FF5E1DA3961B192 /* Frameworks */ = {
			isa = PBXGroup;
			children = (
				06599DD506D923AE205429D8 /* Pods_Brush.framework */,
			);
			name = Frameworks;
			sourceTree = "<group>";
		};
		901829041E4A326B00FDC42B = {
			isa = PBXGroup;
			children = (
				9018290F1E4A326B00FDC42B /* Brush */,
				9018290E1E4A326B00FDC42B /* Products */,
				F72887CB2E9EF8B2846553E0 /* Pods */,
				449997A08FF5E1DA3961B192 /* Frameworks */,
			);
			sourceTree = "<group>";
		};
		9018290E1E4A326B00FDC42B /* Products */ = {
			isa = PBXGroup;
			children = (
				9018290D1E4A326B00FDC42B /* Brush.app */,
			);
			name = Products;
			sourceTree = "<group>";
		};
		9018290F1E4A326B00FDC42B /* Brush */ = {
			isa = PBXGroup;
			children = (
				906A37B01E60B80C00FA0AB4 /* UI */,
				901829171E4A326C00FDC42B /* Assets.xcassets */,
				906A37B11E60B81100FA0AB4 /* Controllers */,
				906A37B41E60B84500FA0AB4 /* Model */,
				906A37B21E60B81E00FA0AB4 /* Services */,
				906A37B31E60B82700FA0AB4 /* Support Files */,
			);
			path = Brush;
			sourceTree = "<group>";
		};
		906A37B01E60B80C00FA0AB4 /* UI */ = {
			isa = PBXGroup;
			children = (
				901829191E4A326C00FDC42B /* LaunchScreen.storyboard */,
				901829141E4A326C00FDC42B /* Main.storyboard */,
			);
			name = UI;
			sourceTree = "<group>";
		};
		906A37B11E60B81100FA0AB4 /* Controllers */ = {
			isa = PBXGroup;
			children = (
				901829121E4A326B00FDC42B /* DrawingVC.swift */,
				901829261E4A448900FDC42B /* SettingsVC.swift */,
			);
			name = Controllers;
			sourceTree = "<group>";
		};
		906A37B21E60B81E00FA0AB4 /* Services */ = {
			isa = PBXGroup;
			children = (
				901829221E4A40FB00FDC42B /* UIViewExtension.swift */,
				901829241E4A424600FDC42B /* RoundedButton.swift */,
				906A37AE1E60B7F400FA0AB4 /* CustomButton.swift */,
			);
			name = Services;
			sourceTree = "<group>";
		};
		906A37B31E60B82700FA0AB4 /* Support Files */ = {
			isa = PBXGroup;
			children = (
				901829101E4A326B00FDC42B /* AppDelegate.swift */,
				9018291C1E4A326C00FDC42B /* Info.plist */,
				906A37B51E60B8F700FA0AB4 /* Brush-Bridging-Header.h */,
			);
			name = "Support Files";
			sourceTree = "<group>";
		};
		906A37B41E60B84500FA0AB4 /* Model */ = {
			isa = PBXGroup;
			children = (
			);
			name = Model;
			sourceTree = "<group>";
		};
		F72887CB2E9EF8B2846553E0 /* Pods */ = {
			isa = PBXGroup;
			children = (
				89927C9D7B718EC4E1376606 /* Pods-Brush.debug.xcconfig */,
				BAC95C19B6BC0844234AC671 /* Pods-Brush.release.xcconfig */,
			);
			name = Pods;
			sourceTree = "<group>";
		};
/* End PBXGroup section */

/* Begin PBXNativeTarget section */
		9018290C1E4A326B00FDC42B /* Brush */ = {
			isa = PBXNativeTarget;
			buildConfigurationList = 9018291F1E4A326C00FDC42B /* Build configuration list for PBXNativeTarget "Brush" */;
			buildPhases = (
				6F8A5818F90776A288C70463 /* [CP] Check Pods Manifest.lock */,
				901829091E4A326B00FDC42B /* Sources */,
				9018290A1E4A326B00FDC42B /* Frameworks */,
				9018290B1E4A326B00FDC42B /* Resources */,
				7FA5C5893D6113CF932A5DC1 /* [CP] Embed Pods Frameworks */,
				4D1A94889DC3969E0016E89D /* [CP] Copy Pods Resources */,
			);
			buildRules = (
			);
			dependencies = (
			);
			name = Brush;
			productName = Brush;
			productReference = 9018290D1E4A326B00FDC42B /* Brush.app */;
			productType = "com.apple.product-type.application";
		};
/* End PBXNativeTarget section */

/* Begin PBXProject section */
		901829051E4A326B00FDC42B /* Project object */ = {
			isa = PBXProject;
			attributes = {
				LastSwiftUpdateCheck = 0820;
				LastUpgradeCheck = 0820;
				ORGANIZATIONNAME = "Andrii Halabuda";
				TargetAttributes = {
					9018290C1E4A326B00FDC42B = {
						CreatedOnToolsVersion = 8.2.1;
						DevelopmentTeam = PTRW36GG78;
						LastSwiftMigration = 0820;
						ProvisioningStyle = Automatic;
					};
				};
			};
			buildConfigurationList = 901829081E4A326B00FDC42B /* Build configuration list for PBXProject "Brush" */;
			compatibilityVersion = "Xcode 3.2";
			developmentRegion = English;
			hasScannedForEncodings = 0;
			knownRegions = (
				en,
				Base,
			);
			mainGroup = 901829041E4A326B00FDC42B;
			productRefGroup = 9018290E1E4A326B00FDC42B /* Products */;
			projectDirPath = "";
			projectRoot = "";
			targets = (
				9018290C1E4A326B00FDC42B /* Brush */,
			);
		};
/* End PBXProject section */

/* Begin PBXResourcesBuildPhase section */
		9018290B1E4A326B00FDC42B /* Resources */ = {
			isa = PBXResourcesBuildPhase;
			buildActionMask = 2147483647;
			files = (
				9018291B1E4A326C00FDC42B /* LaunchScreen.storyboard in Resources */,
				901829181E4A326C00FDC42B /* Assets.xcassets in Resources */,
				901829161E4A326C00FDC42B /* Main.storyboard in Resources */,
			);
			runOnlyForDeploymentPostprocessing = 0;
		};
/* End PBXResourcesBuildPhase section */

/* Begin PBXShellScriptBuildPhase section */
		4D1A94889DC3969E0016E89D /* [CP] Copy Pods Resources */ = {
			isa = PBXShellScriptBuildPhase;
			buildActionMask = 2147483647;
			files = (
			);
			inputPaths = (
			);
			name = "[CP] Copy Pods Resources";
			outputPaths = (
			);
			runOnlyForDeploymentPostprocessing = 0;
			shellPath = /bin/sh;
			shellScript = "\"${SRCROOT}/Pods/Target Support Files/Pods-Brush/Pods-Brush-resources.sh\"\n";
			showEnvVarsInLog = 0;
		};
		6F8A5818F90776A288C70463 /* [CP] Check Pods Manifest.lock */ = {
			isa = PBXShellScriptBuildPhase;
			buildActionMask = 2147483647;
			files = (
			);
			inputPaths = (
			);
			name = "[CP] Check Pods Manifest.lock";
			outputPaths = (
			);
			runOnlyForDeploymentPostprocessing = 0;
			shellPath = /bin/sh;
			shellScript = "diff \"${PODS_ROOT}/../Podfile.lock\" \"${PODS_ROOT}/Manifest.lock\" > /dev/null\nif [ $? != 0 ] ; then\n    # print error to STDERR\n    echo \"error: The sandbox is not in sync with the Podfile.lock. Run 'pod install' or update your CocoaPods installation.\" >&2\n    exit 1\nfi\n";
			showEnvVarsInLog = 0;
		};
		7FA5C5893D6113CF932A5DC1 /* [CP] Embed Pods Frameworks */ = {
			isa = PBXShellScriptBuildPhase;
			buildActionMask = 2147483647;
			files = (
			);
			inputPaths = (
			);
			name = "[CP] Embed Pods Frameworks";
			outputPaths = (
			);
			runOnlyForDeploymentPostprocessing = 0;
			shellPath = /bin/sh;
			shellScript = "\"${SRCROOT}/Pods/Target Support Files/Pods-Brush/Pods-Brush-frameworks.sh\"\n";
			showEnvVarsInLog = 0;
		};
/* End PBXShellScriptBuildPhase section */

/* Begin PBXSourcesBuildPhase section */
		901829091E4A326B00FDC42B /* Sources */ = {
			isa = PBXSourcesBuildPhase;
			buildActionMask = 2147483647;
			files = (
				901829251E4A424600FDC42B /* RoundedButton.swift in Sources */,
				901829231E4A40FB00FDC42B /* UIViewExtension.swift in Sources */,
				906A37AF1E60B7F400FA0AB4 /* CustomButton.swift in Sources */,
				901829131E4A326B00FDC42B /* DrawingVC.swift in Sources */,
				901829111E4A326B00FDC42B /* AppDelegate.swift in Sources */,
				901829271E4A448900FDC42B /* SettingsVC.swift in Sources */,
			);
			runOnlyForDeploymentPostprocessing = 0;
		};
/* End PBXSourcesBuildPhase section */

/* Begin PBXVariantGroup section */
		901829141E4A326C00FDC42B /* Main.storyboard */ = {
			isa = PBXVariantGroup;
			children = (
				901829151E4A326C00FDC42B /* Base */,
			);
			name = Main.storyboard;
			sourceTree = "<group>";
		};
		901829191E4A326C00FDC42B /* LaunchScreen.storyboard */ = {
			isa = PBXVariantGroup;
			children = (
				9018291A1E4A326C00FDC42B /* Base */,
			);
			name = LaunchScreen.storyboard;
			sourceTree = "<group>";
		};
/* End PBXVariantGroup section */

/* Begin XCBuildConfiguration section */
		9018291D1E4A326C00FDC42B /* Debug */ = {
			isa = XCBuildConfiguration;
			buildSettings = {
				ALWAYS_SEARCH_USER_PATHS = NO;
				CLANG_ANALYZER_NONNULL = YES;
				CLANG_CXX_LANGUAGE_STANDARD = "gnu++0x";
				CLANG_CXX_LIBRARY = "libc++";
				CLANG_ENABLE_MODULES = YES;
				CLANG_ENABLE_OBJC_ARC = YES;
				CLANG_WARN_BOOL_CONVERSION = YES;
				CLANG_WARN_CONSTANT_CONVERSION = YES;
				CLANG_WARN_DIRECT_OBJC_ISA_USAGE = YES_ERROR;
				CLANG_WARN_DOCUMENTATION_COMMENTS = YES;
				CLANG_WARN_EMPTY_BODY = YES;
				CLANG_WARN_ENUM_CONVERSION = YES;
				CLANG_WARN_INFINITE_RECURSION = YES;
				CLANG_WARN_INT_CONVERSION = YES;
				CLANG_WARN_OBJC_ROOT_CLASS = YES_ERROR;
				CLANG_WARN_SUSPICIOUS_MOVE = YES;
				CLANG_WARN_UNREACHABLE_CODE = YES;
				CLANG_WARN__DUPLICATE_METHOD_MATCH = YES;
				"CODE_SIGN_IDENTITY[sdk=iphoneos*]" = "iPhone Developer";
				COPY_PHASE_STRIP = NO;
				DEBUG_INFORMATION_FORMAT = dwarf;
				ENABLE_STRICT_OBJC_MSGSEND = YES;
				ENABLE_TESTABILITY = YES;
				GCC_C_LANGUAGE_STANDARD = gnu99;
				GCC_DYNAMIC_NO_PIC = NO;
				GCC_NO_COMMON_BLOCKS = YES;
				GCC_OPTIMIZATION_LEVEL = 0;
				GCC_PREPROCESSOR_DEFINITIONS = (
					"DEBUG=1",
					"$(inherited)",
				);
				GCC_WARN_64_TO_32_BIT_CONVERSION = YES;
				GCC_WARN_ABOUT_RETURN_TYPE = YES_ERROR;
				GCC_WARN_UNDECLARED_SELECTOR = YES;
				GCC_WARN_UNINITIALIZED_AUTOS = YES_AGGRESSIVE;
				GCC_WARN_UNUSED_FUNCTION = YES;
				GCC_WARN_UNUSED_VARIABLE = YES;
				IPHONEOS_DEPLOYMENT_TARGET = 10.2;
				MTL_ENABLE_DEBUG_INFO = YES;
				ONLY_ACTIVE_ARCH = YES;
				SDKROOT = iphoneos;
				SWIFT_ACTIVE_COMPILATION_CONDITIONS = DEBUG;
				SWIFT_OPTIMIZATION_LEVEL = "-Onone";
				TARGETED_DEVICE_FAMILY = "1,2";
			};
			name = Debug;
		};
		9018291E1E4A326C00FDC42B /* Release */ = {
			isa = XCBuildConfiguration;
			buildSettings = {
				ALWAYS_SEARCH_USER_PATHS = NO;
				CLANG_ANALYZER_NONNULL = YES;
				CLANG_CXX_LANGUAGE_STANDARD = "gnu++0x";
				CLANG_CXX_LIBRARY = "libc++";
				CLANG_ENABLE_MODULES = YES;
				CLANG_ENABLE_OBJC_ARC = YES;
				CLANG_WARN_BOOL_CONVERSION = YES;
				CLANG_WARN_CONSTANT_CONVERSION = YES;
				CLANG_WARN_DIRECT_OBJC_ISA_USAGE = YES_ERROR;
				CLANG_WARN_DOCUMENTATION_COMMENTS = YES;
				CLANG_WARN_EMPTY_BODY = YES;
				CLANG_WARN_ENUM_CONVERSION = YES;
				CLANG_WARN_INFINITE_RECURSION = YES;
				CLANG_WARN_INT_CONVERSION = YES;
				CLANG_WARN_OBJC_ROOT_CLASS = YES_ERROR;
				CLANG_WARN_SUSPICIOUS_MOVE = YES;
				CLANG_WARN_UNREACHABLE_CODE = YES;
				CLANG_WARN__DUPLICATE_METHOD_MATCH = YES;
				"CODE_SIGN_IDENTITY[sdk=iphoneos*]" = "iPhone Developer";
				COPY_PHASE_STRIP = NO;
				DEBUG_INFORMATION_FORMAT = "dwarf-with-dsym";
				ENABLE_NS_ASSERTIONS = NO;
				ENABLE_STRICT_OBJC_MSGSEND = YES;
				GCC_C_LANGUAGE_STANDARD = gnu99;
				GCC_NO_COMMON_BLOCKS = YES;
				GCC_WARN_64_TO_32_BIT_CONVERSION = YES;
				GCC_WARN_ABOUT_RETURN_TYPE = YES_ERROR;
				GCC_WARN_UNDECLARED_SELECTOR = YES;
				GCC_WARN_UNINITIALIZED_AUTOS = YES_AGGRESSIVE;
				GCC_WARN_UNUSED_FUNCTION = YES;
				GCC_WARN_UNUSED_VARIABLE = YES;
				IPHONEOS_DEPLOYMENT_TARGET = 10.2;
				MTL_ENABLE_DEBUG_INFO = NO;
				SDKROOT = iphoneos;
				SWIFT_OPTIMIZATION_LEVEL = "-Owholemodule";
				TARGETED_DEVICE_FAMILY = "1,2";
				VALIDATE_PRODUCT = YES;
			};
			name = Release;
		};
		901829201E4A326C00FDC42B /* Debug */ = {
			isa = XCBuildConfiguration;
			baseConfigurationReference = 89927C9D7B718EC4E1376606 /* Pods-Brush.debug.xcconfig */;
			buildSettings = {
				ASSETCATALOG_COMPILER_APPICON_NAME = AppIcon;
				CLANG_ENABLE_MODULES = YES;
				DEVELOPMENT_TEAM = PTRW36GG78;
				INFOPLIST_FILE = Brush/Info.plist;
				LD_RUNPATH_SEARCH_PATHS = "$(inherited) @executable_path/Frameworks";
				PRODUCT_BUNDLE_IDENTIFIER = com.losAngelesBoy.Brush;
				PRODUCT_NAME = "$(TARGET_NAME)";
				SWIFT_OBJC_BRIDGING_HEADER = "Brush/Brush-Bridging-Header.h";
				SWIFT_OPTIMIZATION_LEVEL = "-Onone";
				SWIFT_VERSION = 3.0;
			};
			name = Debug;
		};
		901829211E4A326C00FDC42B /* Release */ = {
			isa = XCBuildConfiguration;
			baseConfigurationReference = BAC95C19B6BC0844234AC671 /* Pods-Brush.release.xcconfig */;
			buildSettings = {
				ASSETCATALOG_COMPILER_APPICON_NAME = AppIcon;
				CLANG_ENABLE_MODULES = YES;
				DEVELOPMENT_TEAM = PTRW36GG78;
				INFOPLIST_FILE = Brush/Info.plist;
				LD_RUNPATH_SEARCH_PATHS = "$(inherited) @executable_path/Frameworks";
				PRODUCT_BUNDLE_IDENTIFIER = com.losAngelesBoy.Brush;
				PRODUCT_NAME = "$(TARGET_NAME)";
				SWIFT_OBJC_BRIDGING_HEADER = "Brush/Brush-Bridging-Header.h";
				SWIFT_VERSION = 3.0;
			};
			name = Release;
		};
/* End XCBuildConfiguration section */

/* Begin XCConfigurationList section */
		901829081E4A326B00FDC42B /* Build configuration list for PBXProject "Brush" */ = {
			isa = XCConfigurationList;
			buildConfigurations = (
				9018291D1E4A326C00FDC42B /* Debug */,
				9018291E1E4A326C00FDC42B /* Release */,
			);
			defaultConfigurationIsVisible = 0;
			defaultConfigurationName = Release;
		};
		9018291F1E4A326C00FDC42B /* Build configuration list for PBXNativeTarget "Brush" */ = {
			isa = XCConfigurationList;
			buildConfigurations = (
				901829201E4A326C00FDC42B /* Debug */,
				901829211E4A326C00FDC42B /* Release */,
			);
			defaultConfigurationIsVisible = 0;
			defaultConfigurationName = Release;
		};
/* End XCConfigurationList section */
	};
	rootObject = 901829051E4A326B00FDC42B /* Project object */;
}
